
Microsoft Visual Studio Solution File, Format Version 12.00
# Visual Studio Version 16
VisualStudioVersion = 16.0.31321.278
MinimumVisualStudioVersion = 10.0.40219.1
Project("{FAE04EC0-301F-11D3-BF4B-00C04F79EFBC}") = "Session02", "Session02\Session02.csproj", "{4C8F8CBF-074B-42C4-812F-078DDF3D460A}"
EndProject
Global
	GlobalSection(SolutionConfigurationPlatforms) = preSolution
		Debug|Any CPU = Debug|Any CPU
		Release|Any CPU = Release|Any CPU
	EndGlobalSection
	GlobalSection(ProjectConfigurationPlatforms) = postSolution
		{4C8F8CBF-074B-42C4-812F-078DDF3D460A}.Debug|Any CPU.ActiveCfg = Debug|Any CPU
		{4C8F8CBF-074B-42C4-812F-078DDF3D460A}.Debug|Any CPU.Build.0 = Debug|Any CPU
		{4C8F8CBF-074B-42C4-812F-078DDF3D460A}.Release|Any CPU.ActiveCfg = Release|Any CPU
		{4C8F8CBF-074B-42C4-812F-078DDF3D460A}.Release|Any CPU.Build.0 = Release|Any CPU
	EndGlobalSection
	GlobalSection(SolutionProperties) = preSolution
		HideSolutionNode = FALSE
	EndGlobalSection
	GlobalSection(ExtensibilityGlobals) = postSolution
		SolutionGuid = {DD4AA086-0949-4EF0-BDAF-1FAEF6D22D06}
	EndGlobalSection
EndGlobal
