
Microsoft Visual Studio Solution File, Format Version 12.00
# Visual Studio Version 16
VisualStudioVersion = 16.0.31321.278
MinimumVisualStudioVersion = 10.0.40219.1
Project("{FAE04EC0-301F-11D3-BF4B-00C04F79EFBC}") = "Session03", "Session03\Session03.csproj", "{911DD667-A28A-481E-87F5-EA73171D8B64}"
EndProject
Global
	GlobalSection(SolutionConfigurationPlatforms) = preSolution
		Debug|Any CPU = Debug|Any CPU
		Release|Any CPU = Release|Any CPU
	EndGlobalSection
	GlobalSection(ProjectConfigurationPlatforms) = postSolution
		{911DD667-A28A-481E-87F5-EA73171D8B64}.Debug|Any CPU.ActiveCfg = Debug|Any CPU
		{911DD667-A28A-481E-87F5-EA73171D8B64}.Debug|Any CPU.Build.0 = Debug|Any CPU
		{911DD667-A28A-481E-87F5-EA73171D8B64}.Release|Any CPU.ActiveCfg = Release|Any CPU
		{911DD667-A28A-481E-87F5-EA73171D8B64}.Release|Any CPU.Build.0 = Release|Any CPU
	EndGlobalSection
	GlobalSection(SolutionProperties) = preSolution
		HideSolutionNode = FALSE
	EndGlobalSection
	GlobalSection(ExtensibilityGlobals) = postSolution
		SolutionGuid = {EEC6A15A-EAEB-4EC4-A61C-B987D6CAF937}
	EndGlobalSection
EndGlobal
